
Microsoft Visual Studio Solution File, Format Version 12.00
# Visual Studio 15
VisualStudioVersion = 15.0.26730.8
MinimumVisualStudioVersion = 10.0.40219.1
Project("{8BC9CEB8-8B4A-11D0-8D11-00A0C91BC942}") = "ieproxyApp", "ieproxyApp\ieproxyApp.vcxproj", "{D3E3D9FB-985D-458B-8B03-E828E5E5B7BE}"
EndProject
Project("{8BC9CEB8-8B4A-11D0-8D11-00A0C91BC942}") = "ieproxy", "ieproxy\ieproxy.vcxproj", "{4FA4BC00-61F5-4513-917A-D57683D64B6D}"
EndProject
Global
	GlobalSection(SolutionConfigurationPlatforms) = preSolution
		Debug|x64 = Debug|x64
		Debug|x86 = Debug|x86
		Release|x64 = Release|x64
		Release|x86 = Release|x86
	EndGlobalSection
	GlobalSection(ProjectConfigurationPlatforms) = postSolution
		{D3E3D9FB-985D-458B-8B03-E828E5E5B7BE}.Debug|x64.ActiveCfg = Debug|x64
		{D3E3D9FB-985D-458B-8B03-E828E5E5B7BE}.Debug|x64.Build.0 = Debug|x64
		{D3E3D9FB-985D-458B-8B03-E828E5E5B7BE}.Debug|x86.ActiveCfg = Debug|Win32
		{D3E3D9FB-985D-458B-8B03-E828E5E5B7BE}.Debug|x86.Build.0 = Debug|Win32
		{D3E3D9FB-985D-458B-8B03-E828E5E5B7BE}.Release|x64.ActiveCfg = Release|x64
		{D3E3D9FB-985D-458B-8B03-E828E5E5B7BE}.Release|x64.Build.0 = Release|x64
		{D3E3D9FB-985D-458B-8B03-E828E5E5B7BE}.Release|x86.ActiveCfg = Release|Win32
		{D3E3D9FB-985D-458B-8B03-E828E5E5B7BE}.Release|x86.Build.0 = Release|Win32
		{4FA4BC00-61F5-4513-917A-D57683D64B6D}.Debug|x64.ActiveCfg = Debug|x64
		{4FA4BC00-61F5-4513-917A-D57683D64B6D}.Debug|x64.Build.0 = Debug|x64
		{4FA4BC00-61F5-4513-917A-D57683D64B6D}.Debug|x86.ActiveCfg = Debug|Win32
		{4FA4BC00-61F5-4513-917A-D57683D64B6D}.Debug|x86.Build.0 = Debug|Win32
		{4FA4BC00-61F5-4513-917A-D57683D64B6D}.Release|x64.ActiveCfg = Release|x64
		{4FA4BC00-61F5-4513-917A-D57683D64B6D}.Release|x64.Build.0 = Release|x64
		{4FA4BC00-61F5-4513-917A-D57683D64B6D}.Release|x86.ActiveCfg = Release|Win32
		{4FA4BC00-61F5-4513-917A-D57683D64B6D}.Release|x86.Build.0 = Release|Win32
	EndGlobalSection
	GlobalSection(SolutionProperties) = preSolution
		HideSolutionNode = FALSE
	EndGlobalSection
	GlobalSection(ExtensibilityGlobals) = postSolution
		SolutionGuid = {1D5C28D9-D304-4054-88BD-75762419D605}
	EndGlobalSection
EndGlobal
